// !$*UTF8*$!
{
	archiveVersion = 1;
	classes = {
	};
	objectVersion = 50;
	objects = {

/* Begin PBXBuildFile section */
		3BBFD128215A3DF700CC1D2F /* Femo1Tests.swift in Sources */ = {isa = PBXBuildFile; fileRef = 3BBFD127215A3DF700CC1D2F /* Femo1Tests.swift */; };
		3BBFD133215A3DF700CC1D2F /* Femo1UITests.swift in Sources */ = {isa = PBXBuildFile; fileRef = 3BBFD132215A3DF700CC1D2F /* Femo1UITests.swift */; };
		3BEC9BFB215A719C00000EAB /* WonGame.sks in Resources */ = {isa = PBXBuildFile; fileRef = 3BEC9BFA215A719C00000EAB /* WonGame.sks */; };
		3BEC9BFD215A71B500000EAB /* WonGame.swift in Sources */ = {isa = PBXBuildFile; fileRef = 3BEC9BFC215A71B500000EAB /* WonGame.swift */; };
		3BEC9C0D215A76FA00000EAB /* celebration.sks in Resources */ = {isa = PBXBuildFile; fileRef = 3BEC9C0B215A76FA00000EAB /* celebration.sks */; };
		3BEC9C0E215A76FA00000EAB /* Assets.xcassets in Resources */ = {isa = PBXBuildFile; fileRef = 3BEC9C0C215A76FA00000EAB /* Assets.xcassets */; };
		3BEC9C10215A7E8C00000EAB /* LostGame.swift in Sources */ = {isa = PBXBuildFile; fileRef = 3BEC9C0F215A7E8C00000EAB /* LostGame.swift */; };
		3BEC9C12215A7EA200000EAB /* LostGame.sks in Resources */ = {isa = PBXBuildFile; fileRef = 3BEC9C11215A7EA200000EAB /* LostGame.sks */; };
		84B3E93C215A532B000C6779 /* Main_page.sks in Resources */ = {isa = PBXBuildFile; fileRef = 84B3E93B215A532B000C6779 /* Main_page.sks */; };
		84B3E93E215A5351000C6779 /* Information.sks in Resources */ = {isa = PBXBuildFile; fileRef = 84B3E93D215A5351000C6779 /* Information.sks */; };
		EA106961215A4BB100088C45 /* AppDelegate.swift in Sources */ = {isa = PBXBuildFile; fileRef = EA10693F215A4BAE00088C45 /* AppDelegate.swift */; };
		EA106962215A4BB100088C45 /* Main_page.swift in Sources */ = {isa = PBXBuildFile; fileRef = EA106941215A4BAE00088C45 /* Main_page.swift */; };
		EA106966215A4BB100088C45 /* InformationScene.swift in Sources */ = {isa = PBXBuildFile; fileRef = EA106946215A4BAE00088C45 /* InformationScene.swift */; };
		EA106968215A4BB100088C45 /* Question.swift in Sources */ = {isa = PBXBuildFile; fileRef = EA106948215A4BAE00088C45 /* Question.swift */; };
		EA106969215A4BB100088C45 /* tap.wav in Resources */ = {isa = PBXBuildFile; fileRef = EA10694A215A4BAF00088C45 /* tap.wav */; };
		EA10696A215A4BB100088C45 /* Ta Da-Sound.wav in Resources */ = {isa = PBXBuildFile; fileRef = EA10694B215A4BAF00088C45 /* Ta Da-Sound.wav */; };
		EA10696B215A4BB100088C45 /* QuestionScene.swift in Sources */ = {isa = PBXBuildFile; fileRef = EA10694D215A4BAF00088C45 /* QuestionScene.swift */; };
		EA10696C215A4BB100088C45 /* QuestionScene.sks in Resources */ = {isa = PBXBuildFile; fileRef = EA10694E215A4BAF00088C45 /* QuestionScene.sks */; };
		EA10696E215A4BB100088C45 /* GameScene.sks in Resources */ = {isa = PBXBuildFile; fileRef = EA106953215A4BAF00088C45 /* GameScene.sks */; };
		EA10696F215A4BB100088C45 /* GameScene.swift in Sources */ = {isa = PBXBuildFile; fileRef = EA106954215A4BAF00088C45 /* GameScene.swift */; };
		EA106973215A4BB100088C45 /* Assets.xcassets in Resources */ = {isa = PBXBuildFile; fileRef = EA10695C215A4BB000088C45 /* Assets.xcassets */; };
		EA106974215A4BB100088C45 /* Actions.sks in Resources */ = {isa = PBXBuildFile; fileRef = EA10695D215A4BB000088C45 /* Actions.sks */; };
		EA106975215A4BB100088C45 /* GameViewController.swift in Sources */ = {isa = PBXBuildFile; fileRef = EA10695E215A4BB000088C45 /* GameViewController.swift */; };
		EA106976215A4BB100088C45 /* Starfield.sks in Resources */ = {isa = PBXBuildFile; fileRef = EA10695F215A4BB000088C45 /* Starfield.sks */; };
		EA106977215A4BB100088C45 /* QuestionList.swift in Sources */ = {isa = PBXBuildFile; fileRef = EA106960215A4BB100088C45 /* QuestionList.swift */; };
		EA88C097215A69DF0025B334 /* LaunchScreen.storyboard in Resources */ = {isa = PBXBuildFile; fileRef = EA88C093215A69DF0025B334 /* LaunchScreen.storyboard */; };
		EA88C098215A69DF0025B334 /* Main.storyboard in Resources */ = {isa = PBXBuildFile; fileRef = EA88C095215A69DF0025B334 /* Main.storyboard */; };
		EAA12196215BBFB20089B749 /* SKLabelNodeExtension.swift in Sources */ = {isa = PBXBuildFile; fileRef = EAA12195215BBFB20089B749 /* SKLabelNodeExtension.swift */; };
		EAA1219A215BE0AF0089B749 /* Main_pageUITests.swift in Sources */ = {isa = PBXBuildFile; fileRef = EAA12199215BE0AF0089B749 /* Main_pageUITests.swift */; };
		EAA121A0215BFD5D0089B749 /* QuestionSceneUITests.swift in Sources */ = {isa = PBXBuildFile; fileRef = EAA1219F215BFD5D0089B749 /* QuestionSceneUITests.swift */; };
/* End PBXBuildFile section */

/* Begin PBXContainerItemProxy section */
		3BBFD124215A3DF700CC1D2F /* PBXContainerItemProxy */ = {
			isa = PBXContainerItemProxy;
			containerPortal = 3BBFD101215A3DF600CC1D2F /* Project object */;
			proxyType = 1;
			remoteGlobalIDString = 3BBFD108215A3DF600CC1D2F;
			remoteInfo = Femo1;
		};
		3BBFD12F215A3DF700CC1D2F /* PBXContainerItemProxy */ = {
			isa = PBXContainerItemProxy;
			containerPortal = 3BBFD101215A3DF600CC1D2F /* Project object */;
			proxyType = 1;
			remoteGlobalIDString = 3BBFD108215A3DF600CC1D2F;
			remoteInfo = Femo1;
		};
/* End PBXContainerItemProxy section */

/* Begin PBXFileReference section */
		3BBFD109215A3DF600CC1D2F /* Femo1.app */ = {isa = PBXFileReference; explicitFileType = wrapper.application; includeInIndex = 0; path = Femo1.app; sourceTree = BUILT_PRODUCTS_DIR; };
		3BBFD11E215A3DF700CC1D2F /* Info.plist */ = {isa = PBXFileReference; lastKnownFileType = text.plist.xml; path = Info.plist; sourceTree = "<group>"; };
		3BBFD123215A3DF700CC1D2F /* Femo1Tests.xctest */ = {isa = PBXFileReference; explicitFileType = wrapper.cfbundle; includeInIndex = 0; path = Femo1Tests.xctest; sourceTree = BUILT_PRODUCTS_DIR; };
		3BBFD127215A3DF700CC1D2F /* Femo1Tests.swift */ = {isa = PBXFileReference; lastKnownFileType = sourcecode.swift; path = Femo1Tests.swift; sourceTree = "<group>"; };
		3BBFD129215A3DF700CC1D2F /* Info.plist */ = {isa = PBXFileReference; lastKnownFileType = text.plist.xml; path = Info.plist; sourceTree = "<group>"; };
		3BBFD12E215A3DF700CC1D2F /* Femo1UITests.xctest */ = {isa = PBXFileReference; explicitFileType = wrapper.cfbundle; includeInIndex = 0; path = Femo1UITests.xctest; sourceTree = BUILT_PRODUCTS_DIR; };
		3BBFD132215A3DF700CC1D2F /* Femo1UITests.swift */ = {isa = PBXFileReference; lastKnownFileType = sourcecode.swift; path = Femo1UITests.swift; sourceTree = "<group>"; };
		3BBFD134215A3DF700CC1D2F /* Info.plist */ = {isa = PBXFileReference; lastKnownFileType = text.plist.xml; path = Info.plist; sourceTree = "<group>"; };
		3BEC9BFA215A719C00000EAB /* WonGame.sks */ = {isa = PBXFileReference; lastKnownFileType = file.sks; path = WonGame.sks; sourceTree = "<group>"; };
		3BEC9BFC215A71B500000EAB /* WonGame.swift */ = {isa = PBXFileReference; lastKnownFileType = sourcecode.swift; path = WonGame.swift; sourceTree = "<group>"; };
		3BEC9C0B215A76FA00000EAB /* celebration.sks */ = {isa = PBXFileReference; lastKnownFileType = file.sks; path = celebration.sks; sourceTree = "<group>"; };
		3BEC9C0C215A76FA00000EAB /* Assets.xcassets */ = {isa = PBXFileReference; lastKnownFileType = folder.assetcatalog; path = Assets.xcassets; sourceTree = "<group>"; };
		3BEC9C0F215A7E8C00000EAB /* LostGame.swift */ = {isa = PBXFileReference; lastKnownFileType = sourcecode.swift; path = LostGame.swift; sourceTree = "<group>"; };
		3BEC9C11215A7EA200000EAB /* LostGame.sks */ = {isa = PBXFileReference; lastKnownFileType = file.sks; path = LostGame.sks; sourceTree = "<group>"; };
		84B3E93B215A532B000C6779 /* Main_page.sks */ = {isa = PBXFileReference; lastKnownFileType = file.sks; path = Main_page.sks; sourceTree = "<group>"; };
		84B3E93D215A5351000C6779 /* Information.sks */ = {isa = PBXFileReference; lastKnownFileType = file.sks; path = Information.sks; sourceTree = "<group>"; };
		EA10693E215A4BAD00088C45 /* Femo1-Bridging-Header.h */ = {isa = PBXFileReference; lastKnownFileType = sourcecode.c.h; path = "Femo1-Bridging-Header.h"; sourceTree = "<group>"; };
		EA10693F215A4BAE00088C45 /* AppDelegate.swift */ = {isa = PBXFileReference; fileEncoding = 4; lastKnownFileType = sourcecode.swift; path = AppDelegate.swift; sourceTree = "<group>"; };
		EA106941215A4BAE00088C45 /* Main_page.swift */ = {isa = PBXFileReference; fileEncoding = 4; lastKnownFileType = sourcecode.swift; path = Main_page.swift; sourceTree = "<group>"; };
		EA106946215A4BAE00088C45 /* InformationScene.swift */ = {isa = PBXFileReference; fileEncoding = 4; lastKnownFileType = sourcecode.swift; path = InformationScene.swift; sourceTree = "<group>"; };
		EA106948215A4BAE00088C45 /* Question.swift */ = {isa = PBXFileReference; fileEncoding = 4; lastKnownFileType = sourcecode.swift; path = Question.swift; sourceTree = "<group>"; };
		EA10694A215A4BAF00088C45 /* tap.wav */ = {isa = PBXFileReference; lastKnownFileType = audio.wav; path = tap.wav; sourceTree = "<group>"; };
		EA10694B215A4BAF00088C45 /* Ta Da-Sound.wav */ = {isa = PBXFileReference; lastKnownFileType = audio.wav; path = "Ta Da-Sound.wav"; sourceTree = "<group>"; };
		EA10694D215A4BAF00088C45 /* QuestionScene.swift */ = {isa = PBXFileReference; fileEncoding = 4; lastKnownFileType = sourcecode.swift; path = QuestionScene.swift; sourceTree = "<group>"; };
		EA10694E215A4BAF00088C45 /* QuestionScene.sks */ = {isa = PBXFileReference; lastKnownFileType = file.sks; path = QuestionScene.sks; sourceTree = "<group>"; };
		EA106953215A4BAF00088C45 /* GameScene.sks */ = {isa = PBXFileReference; lastKnownFileType = file.sks; path = GameScene.sks; sourceTree = "<group>"; };
		EA106954215A4BAF00088C45 /* GameScene.swift */ = {isa = PBXFileReference; fileEncoding = 4; lastKnownFileType = sourcecode.swift; path = GameScene.swift; sourceTree = "<group>"; };
		EA10695C215A4BB000088C45 /* Assets.xcassets */ = {isa = PBXFileReference; lastKnownFileType = folder.assetcatalog; path = Assets.xcassets; sourceTree = "<group>"; };
		EA10695D215A4BB000088C45 /* Actions.sks */ = {isa = PBXFileReference; lastKnownFileType = file.sks; path = Actions.sks; sourceTree = "<group>"; };
		EA10695E215A4BB000088C45 /* GameViewController.swift */ = {isa = PBXFileReference; fileEncoding = 4; lastKnownFileType = sourcecode.swift; path = GameViewController.swift; sourceTree = "<group>"; };
		EA10695F215A4BB000088C45 /* Starfield.sks */ = {isa = PBXFileReference; lastKnownFileType = file.sks; path = Starfield.sks; sourceTree = "<group>"; };
		EA106960215A4BB100088C45 /* QuestionList.swift */ = {isa = PBXFileReference; fileEncoding = 4; lastKnownFileType = sourcecode.swift; path = QuestionList.swift; sourceTree = "<group>"; };
		EA88C094215A69DF0025B334 /* Base */ = {isa = PBXFileReference; lastKnownFileType = file.storyboard; name = Base; path = LaunchScreen.storyboard; sourceTree = "<group>"; };
		EA88C096215A69DF0025B334 /* Base */ = {isa = PBXFileReference; lastKnownFileType = file.storyboard; name = Base; path = Main.storyboard; sourceTree = "<group>"; };
		EAA12195215BBFB20089B749 /* SKLabelNodeExtension.swift */ = {isa = PBXFileReference; lastKnownFileType = sourcecode.swift; path = SKLabelNodeExtension.swift; sourceTree = "<group>"; };
		EAA12199215BE0AF0089B749 /* Main_pageUITests.swift */ = {isa = PBXFileReference; lastKnownFileType = sourcecode.swift; path = Main_pageUITests.swift; sourceTree = "<group>"; };
		EAA1219F215BFD5D0089B749 /* QuestionSceneUITests.swift */ = {isa = PBXFileReference; lastKnownFileType = sourcecode.swift; path = QuestionSceneUITests.swift; sourceTree = "<group>"; };
/* End PBXFileReference section */

/* Begin PBXFrameworksBuildPhase section */
		3BBFD106215A3DF600CC1D2F /* Frameworks */ = {
			isa = PBXFrameworksBuildPhase;
			buildActionMask = 2147483647;
			files = (
			);
			runOnlyForDeploymentPostprocessing = 0;
		};
		3BBFD120215A3DF700CC1D2F /* Frameworks */ = {
			isa = PBXFrameworksBuildPhase;
			buildActionMask = 2147483647;
			files = (
			);
			runOnlyForDeploymentPostprocessing = 0;
		};
		3BBFD12B215A3DF700CC1D2F /* Frameworks */ = {
			isa = PBXFrameworksBuildPhase;
			buildActionMask = 2147483647;
			files = (
			);
			runOnlyForDeploymentPostprocessing = 0;
		};
/* End PBXFrameworksBuildPhase section */

/* Begin PBXGroup section */
		3BBFD100215A3DF600CC1D2F = {
			isa = PBXGroup;
			children = (
				3BBFD10B215A3DF600CC1D2F /* Femo1 */,
				3BBFD126215A3DF700CC1D2F /* Femo1Tests */,
				3BBFD131215A3DF700CC1D2F /* Femo1UITests */,
				3BBFD10A215A3DF600CC1D2F /* Products */,
			);
			sourceTree = "<group>";
		};
		3BBFD10A215A3DF600CC1D2F /* Products */ = {
			isa = PBXGroup;
			children = (
				3BBFD109215A3DF600CC1D2F /* Femo1.app */,
				3BBFD123215A3DF700CC1D2F /* Femo1Tests.xctest */,
				3BBFD12E215A3DF700CC1D2F /* Femo1UITests.xctest */,
			);
			name = Products;
			sourceTree = "<group>";
		};
		3BBFD10B215A3DF600CC1D2F /* Femo1 */ = {
			isa = PBXGroup;
			children = (
				EA10695E215A4BB000088C45 /* GameViewController.swift */,
				EA10695D215A4BB000088C45 /* Actions.sks */,
				EA10693F215A4BAE00088C45 /* AppDelegate.swift */,
				EA10695F215A4BB000088C45 /* Starfield.sks */,
				EA10695C215A4BB000088C45 /* Assets.xcassets */,
				EA88C092215A69DF0025B334 /* Base.lproj */,
				EA106940215A4BAE00088C45 /* Main_Page */,
				EA106944215A4BAE00088C45 /* Information_Page */,
				EA10694C215A4BAF00088C45 /* QuestionScene */,
				EA106952215A4BAF00088C45 /* SpaceGameScene */,
				3BEC9BFE215A733900000EAB /* Won_Game */,
				3BEC9C13215A7EAA00000EAB /* LostGame */,
				EA106949215A4BAF00088C45 /* Sounds */,
				3BBFD11E215A3DF700CC1D2F /* Info.plist */,
				EA10693E215A4BAD00088C45 /* Femo1-Bridging-Header.h */,
			);
			path = Femo1;
			sourceTree = "<group>";
		};
		3BBFD126215A3DF700CC1D2F /* Femo1Tests */ = {
			isa = PBXGroup;
			children = (
				3BBFD127215A3DF700CC1D2F /* Femo1Tests.swift */,
				3BBFD129215A3DF700CC1D2F /* Info.plist */,
			);
			path = Femo1Tests;
			sourceTree = "<group>";
		};
		3BBFD131215A3DF700CC1D2F /* Femo1UITests */ = {
			isa = PBXGroup;
			children = (
				3BBFD132215A3DF700CC1D2F /* Femo1UITests.swift */,
				EAA12199215BE0AF0089B749 /* Main_pageUITests.swift */,
				EAA1219F215BFD5D0089B749 /* QuestionSceneUITests.swift */,
				3BBFD134215A3DF700CC1D2F /* Info.plist */,
			);
			path = Femo1UITests;
			sourceTree = "<group>";
		};
		3BEC9BFE215A733900000EAB /* Won_Game */ = {
			isa = PBXGroup;
			children = (
				3BEC9BFA215A719C00000EAB /* WonGame.sks */,
				3BEC9BFC215A71B500000EAB /* WonGame.swift */,
				3BEC9C0B215A76FA00000EAB /* celebration.sks */,
				3BEC9C0C215A76FA00000EAB /* Assets.xcassets */,
			);
			path = Won_Game;
			sourceTree = "<group>";
		};
		3BEC9C13215A7EAA00000EAB /* LostGame */ = {
			isa = PBXGroup;
			children = (
				3BEC9C0F215A7E8C00000EAB /* LostGame.swift */,
				3BEC9C11215A7EA200000EAB /* LostGame.sks */,
			);
			path = LostGame;
			sourceTree = "<group>";
		};
		EA106940215A4BAE00088C45 /* Main_Page */ = {
			isa = PBXGroup;
			children = (
				84B3E93B215A532B000C6779 /* Main_page.sks */,
				EA106941215A4BAE00088C45 /* Main_page.swift */,
			);
			path = Main_Page;
			sourceTree = "<group>";
		};
		EA106944215A4BAE00088C45 /* Information_Page */ = {
			isa = PBXGroup;
			children = (
				84B3E93D215A5351000C6779 /* Information.sks */,
				EA106946215A4BAE00088C45 /* InformationScene.swift */,
			);
			path = Information_Page;
			sourceTree = "<group>";
		};
		EA106949215A4BAF00088C45 /* Sounds */ = {
			isa = PBXGroup;
			children = (
				EA10694A215A4BAF00088C45 /* tap.wav */,
				EA10694B215A4BAF00088C45 /* Ta Da-Sound.wav */,
			);
			path = Sounds;
			sourceTree = "<group>";
		};
		EA10694C215A4BAF00088C45 /* QuestionScene */ = {
			isa = PBXGroup;
			children = (
				EA106978215A4CE400088C45 /* QuestionClasses */,
				EA10694E215A4BAF00088C45 /* QuestionScene.sks */,
				EA10694D215A4BAF00088C45 /* QuestionScene.swift */,
				EAA12195215BBFB20089B749 /* SKLabelNodeExtension.swift */,
			);
			path = QuestionScene;
			sourceTree = "<group>";
		};
		EA106952215A4BAF00088C45 /* SpaceGameScene */ = {
			isa = PBXGroup;
			children = (
				EA106953215A4BAF00088C45 /* GameScene.sks */,
				EA106954215A4BAF00088C45 /* GameScene.swift */,
			);
			path = SpaceGameScene;
			sourceTree = "<group>";
		};
		EA106978215A4CE400088C45 /* QuestionClasses */ = {
			isa = PBXGroup;
			children = (
				EA106948215A4BAE00088C45 /* Question.swift */,
				EA106960215A4BB100088C45 /* QuestionList.swift */,
			);
			path = QuestionClasses;
			sourceTree = "<group>";
		};
		EA88C092215A69DF0025B334 /* Base.lproj */ = {
			isa = PBXGroup;
			children = (
				EA88C093215A69DF0025B334 /* LaunchScreen.storyboard */,
				EA88C095215A69DF0025B334 /* Main.storyboard */,
			);
			path = Base.lproj;
			sourceTree = "<group>";
		};
/* End PBXGroup section */

/* Begin PBXNativeTarget section */
		3BBFD108215A3DF600CC1D2F /* Femo1 */ = {
			isa = PBXNativeTarget;
			buildConfigurationList = 3BBFD137215A3DF700CC1D2F /* Build configuration list for PBXNativeTarget "Femo1" */;
			buildPhases = (
				3BBFD105215A3DF600CC1D2F /* Sources */,
				3BBFD106215A3DF600CC1D2F /* Frameworks */,
				3BBFD107215A3DF600CC1D2F /* Resources */,
			);
			buildRules = (
			);
			dependencies = (
			);
			name = Femo1;
			productName = Femo1;
			productReference = 3BBFD109215A3DF600CC1D2F /* Femo1.app */;
			productType = "com.apple.product-type.application";
		};
		3BBFD122215A3DF700CC1D2F /* Femo1Tests */ = {
			isa = PBXNativeTarget;
			buildConfigurationList = 3BBFD13A215A3DF700CC1D2F /* Build configuration list for PBXNativeTarget "Femo1Tests" */;
			buildPhases = (
				3BBFD11F215A3DF700CC1D2F /* Sources */,
				3BBFD120215A3DF700CC1D2F /* Frameworks */,
				3BBFD121215A3DF700CC1D2F /* Resources */,
			);
			buildRules = (
			);
			dependencies = (
				3BBFD125215A3DF700CC1D2F /* PBXTargetDependency */,
			);
			name = Femo1Tests;
			productName = Femo1Tests;
			productReference = 3BBFD123215A3DF700CC1D2F /* Femo1Tests.xctest */;
			productType = "com.apple.product-type.bundle.unit-test";
		};
		3BBFD12D215A3DF700CC1D2F /* Femo1UITests */ = {
			isa = PBXNativeTarget;
			buildConfigurationList = 3BBFD13D215A3DF700CC1D2F /* Build configuration list for PBXNativeTarget "Femo1UITests" */;
			buildPhases = (
				3BBFD12A215A3DF700CC1D2F /* Sources */,
				3BBFD12B215A3DF700CC1D2F /* Frameworks */,
				3BBFD12C215A3DF700CC1D2F /* Resources */,
			);
			buildRules = (
			);
			dependencies = (
				3BBFD130215A3DF700CC1D2F /* PBXTargetDependency */,
			);
			name = Femo1UITests;
			productName = Femo1UITests;
			productReference = 3BBFD12E215A3DF700CC1D2F /* Femo1UITests.xctest */;
			productType = "com.apple.product-type.bundle.ui-testing";
		};
/* End PBXNativeTarget section */

/* Begin PBXProject section */
		3BBFD101215A3DF600CC1D2F /* Project object */ = {
			isa = PBXProject;
			attributes = {
				LastSwiftUpdateCheck = 0940;
				LastUpgradeCheck = 0940;
				ORGANIZATIONNAME = "FEMO@Makers";
				TargetAttributes = {
					3BBFD108215A3DF600CC1D2F = {
						CreatedOnToolsVersion = 9.4.1;
						LastSwiftMigration = 1000;
					};
					3BBFD122215A3DF700CC1D2F = {
						CreatedOnToolsVersion = 9.4.1;
						TestTargetID = 3BBFD108215A3DF600CC1D2F;
					};
					3BBFD12D215A3DF700CC1D2F = {
						CreatedOnToolsVersion = 9.4.1;
						TestTargetID = 3BBFD108215A3DF600CC1D2F;
					};
				};
			};
			buildConfigurationList = 3BBFD104215A3DF600CC1D2F /* Build configuration list for PBXProject "Femo1" */;
			compatibilityVersion = "Xcode 9.3";
			developmentRegion = en;
			hasScannedForEncodings = 0;
			knownRegions = (
				en,
				Base,
			);
			mainGroup = 3BBFD100215A3DF600CC1D2F;
			productRefGroup = 3BBFD10A215A3DF600CC1D2F /* Products */;
			projectDirPath = "";
			projectRoot = "";
			targets = (
				3BBFD108215A3DF600CC1D2F /* Femo1 */,
				3BBFD122215A3DF700CC1D2F /* Femo1Tests */,
				3BBFD12D215A3DF700CC1D2F /* Femo1UITests */,
			);
		};
/* End PBXProject section */

/* Begin PBXResourcesBuildPhase section */
		3BBFD107215A3DF600CC1D2F /* Resources */ = {
			isa = PBXResourcesBuildPhase;
			buildActionMask = 2147483647;
			files = (
				3BEC9BFB215A719C00000EAB /* WonGame.sks in Resources */,
				EA106976215A4BB100088C45 /* Starfield.sks in Resources */,
				84B3E93C215A532B000C6779 /* Main_page.sks in Resources */,
				3BEC9C0D215A76FA00000EAB /* celebration.sks in Resources */,
				3BEC9C0E215A76FA00000EAB /* Assets.xcassets in Resources */,
				EA106969215A4BB100088C45 /* tap.wav in Resources */,
				EA88C097215A69DF0025B334 /* LaunchScreen.storyboard in Resources */,
				84B3E93E215A5351000C6779 /* Information.sks in Resources */,
				EA88C098215A69DF0025B334 /* Main.storyboard in Resources */,
				EA10696A215A4BB100088C45 /* Ta Da-Sound.wav in Resources */,
				EA10696E215A4BB100088C45 /* GameScene.sks in Resources */,
				EA106974215A4BB100088C45 /* Actions.sks in Resources */,
				EA10696C215A4BB100088C45 /* QuestionScene.sks in Resources */,
				3BEC9C12215A7EA200000EAB /* LostGame.sks in Resources */,
				EA106973215A4BB100088C45 /* Assets.xcassets in Resources */,
			);
			runOnlyForDeploymentPostprocessing = 0;
		};
		3BBFD121215A3DF700CC1D2F /* Resources */ = {
			isa = PBXResourcesBuildPhase;
			buildActionMask = 2147483647;
			files = (
			);
			runOnlyForDeploymentPostprocessing = 0;
		};
		3BBFD12C215A3DF700CC1D2F /* Resources */ = {
			isa = PBXResourcesBuildPhase;
			buildActionMask = 2147483647;
			files = (
			);
			runOnlyForDeploymentPostprocessing = 0;
		};
/* End PBXResourcesBuildPhase section */

/* Begin PBXSourcesBuildPhase section */
		3BBFD105215A3DF600CC1D2F /* Sources */ = {
			isa = PBXSourcesBuildPhase;
			buildActionMask = 2147483647;
			files = (
				EA106977215A4BB100088C45 /* QuestionList.swift in Sources */,
				EA106968215A4BB100088C45 /* Question.swift in Sources */,
				EAA12196215BBFB20089B749 /* SKLabelNodeExtension.swift in Sources */,
				3BEC9BFD215A71B500000EAB /* WonGame.swift in Sources */,
				EA106961215A4BB100088C45 /* AppDelegate.swift in Sources */,
				EA10696B215A4BB100088C45 /* QuestionScene.swift in Sources */,
				3BEC9C10215A7E8C00000EAB /* LostGame.swift in Sources */,
				EA106966215A4BB100088C45 /* InformationScene.swift in Sources */,
				EA106975215A4BB100088C45 /* GameViewController.swift in Sources */,
				EA106962215A4BB100088C45 /* Main_page.swift in Sources */,
				EA10696F215A4BB100088C45 /* GameScene.swift in Sources */,
			);
			runOnlyForDeploymentPostprocessing = 0;
		};
		3BBFD11F215A3DF700CC1D2F /* Sources */ = {
			isa = PBXSourcesBuildPhase;
			buildActionMask = 2147483647;
			files = (
				3BBFD128215A3DF700CC1D2F /* Femo1Tests.swift in Sources */,
			);
			runOnlyForDeploymentPostprocessing = 0;
		};
		3BBFD12A215A3DF700CC1D2F /* Sources */ = {
			isa = PBXSourcesBuildPhase;
			buildActionMask = 2147483647;
			files = (
				3BBFD133215A3DF700CC1D2F /* Femo1UITests.swift in Sources */,
				EAA121A0215BFD5D0089B749 /* QuestionSceneUITests.swift in Sources */,
				EAA1219A215BE0AF0089B749 /* Main_pageUITests.swift in Sources */,
			);
			runOnlyForDeploymentPostprocessing = 0;
		};
/* End PBXSourcesBuildPhase section */

/* Begin PBXTargetDependency section */
		3BBFD125215A3DF700CC1D2F /* PBXTargetDependency */ = {
			isa = PBXTargetDependency;
			target = 3BBFD108215A3DF600CC1D2F /* Femo1 */;
			targetProxy = 3BBFD124215A3DF700CC1D2F /* PBXContainerItemProxy */;
		};
		3BBFD130215A3DF700CC1D2F /* PBXTargetDependency */ = {
			isa = PBXTargetDependency;
			target = 3BBFD108215A3DF600CC1D2F /* Femo1 */;
			targetProxy = 3BBFD12F215A3DF700CC1D2F /* PBXContainerItemProxy */;
		};
/* End PBXTargetDependency section */

/* Begin PBXVariantGroup section */
		EA88C093215A69DF0025B334 /* LaunchScreen.storyboard */ = {
			isa = PBXVariantGroup;
			children = (
				EA88C094215A69DF0025B334 /* Base */,
			);
			name = LaunchScreen.storyboard;
			sourceTree = "<group>";
		};
		EA88C095215A69DF0025B334 /* Main.storyboard */ = {
			isa = PBXVariantGroup;
			children = (
				EA88C096215A69DF0025B334 /* Base */,
			);
			name = Main.storyboard;
			sourceTree = "<group>";
		};
/* End PBXVariantGroup section */

/* Begin XCBuildConfiguration section */
		3BBFD135215A3DF700CC1D2F /* Debug */ = {
			isa = XCBuildConfiguration;
			buildSettings = {
				ALWAYS_SEARCH_USER_PATHS = NO;
				CLANG_ANALYZER_NONNULL = YES;
				CLANG_ANALYZER_NUMBER_OBJECT_CONVERSION = YES_AGGRESSIVE;
				CLANG_CXX_LANGUAGE_STANDARD = "gnu++14";
				CLANG_CXX_LIBRARY = "libc++";
				CLANG_ENABLE_MODULES = YES;
				CLANG_ENABLE_OBJC_ARC = YES;
				CLANG_ENABLE_OBJC_WEAK = YES;
				CLANG_WARN_BLOCK_CAPTURE_AUTORELEASING = YES;
				CLANG_WARN_BOOL_CONVERSION = YES;
				CLANG_WARN_COMMA = YES;
				CLANG_WARN_CONSTANT_CONVERSION = YES;
				CLANG_WARN_DEPRECATED_OBJC_IMPLEMENTATIONS = YES;
				CLANG_WARN_DIRECT_OBJC_ISA_USAGE = YES_ERROR;
				CLANG_WARN_DOCUMENTATION_COMMENTS = YES;
				CLANG_WARN_EMPTY_BODY = YES;
				CLANG_WARN_ENUM_CONVERSION = YES;
				CLANG_WARN_INFINITE_RECURSION = YES;
				CLANG_WARN_INT_CONVERSION = YES;
				CLANG_WARN_NON_LITERAL_NULL_CONVERSION = YES;
				CLANG_WARN_OBJC_IMPLICIT_RETAIN_SELF = YES;
				CLANG_WARN_OBJC_LITERAL_CONVERSION = YES;
				CLANG_WARN_OBJC_ROOT_CLASS = YES_ERROR;
				CLANG_WARN_RANGE_LOOP_ANALYSIS = YES;
				CLANG_WARN_STRICT_PROTOTYPES = YES;
				CLANG_WARN_SUSPICIOUS_MOVE = YES;
				CLANG_WARN_UNGUARDED_AVAILABILITY = YES_AGGRESSIVE;
				CLANG_WARN_UNREACHABLE_CODE = YES;
				CLANG_WARN__DUPLICATE_METHOD_MATCH = YES;
				CODE_SIGN_IDENTITY = "iPhone Developer";
				COPY_PHASE_STRIP = NO;
				DEBUG_INFORMATION_FORMAT = dwarf;
				ENABLE_STRICT_OBJC_MSGSEND = YES;
				ENABLE_TESTABILITY = YES;
				GCC_C_LANGUAGE_STANDARD = gnu11;
				GCC_DYNAMIC_NO_PIC = NO;
				GCC_NO_COMMON_BLOCKS = YES;
				GCC_OPTIMIZATION_LEVEL = 0;
				GCC_PREPROCESSOR_DEFINITIONS = (
					"DEBUG=1",
					"$(inherited)",
				);
				GCC_WARN_64_TO_32_BIT_CONVERSION = YES;
				GCC_WARN_ABOUT_RETURN_TYPE = YES_ERROR;
				GCC_WARN_UNDECLARED_SELECTOR = YES;
				GCC_WARN_UNINITIALIZED_AUTOS = YES_AGGRESSIVE;
				GCC_WARN_UNUSED_FUNCTION = YES;
				GCC_WARN_UNUSED_VARIABLE = YES;
				IPHONEOS_DEPLOYMENT_TARGET = 11.4;
				MTL_ENABLE_DEBUG_INFO = YES;
				ONLY_ACTIVE_ARCH = YES;
				SDKROOT = iphoneos;
				SWIFT_ACTIVE_COMPILATION_CONDITIONS = DEBUG;
				SWIFT_OPTIMIZATION_LEVEL = "-Onone";
			};
			name = Debug;
		};
		3BBFD136215A3DF700CC1D2F /* Release */ = {
			isa = XCBuildConfiguration;
			buildSettings = {
				ALWAYS_SEARCH_USER_PATHS = NO;
				CLANG_ANALYZER_NONNULL = YES;
				CLANG_ANALYZER_NUMBER_OBJECT_CONVERSION = YES_AGGRESSIVE;
				CLANG_CXX_LANGUAGE_STANDARD = "gnu++14";
				CLANG_CXX_LIBRARY = "libc++";
				CLANG_ENABLE_MODULES = YES;
				CLANG_ENABLE_OBJC_ARC = YES;
				CLANG_ENABLE_OBJC_WEAK = YES;
				CLANG_WARN_BLOCK_CAPTURE_AUTORELEASING = YES;
				CLANG_WARN_BOOL_CONVERSION = YES;
				CLANG_WARN_COMMA = YES;
				CLANG_WARN_CONSTANT_CONVERSION = YES;
				CLANG_WARN_DEPRECATED_OBJC_IMPLEMENTATIONS = YES;
				CLANG_WARN_DIRECT_OBJC_ISA_USAGE = YES_ERROR;
				CLANG_WARN_DOCUMENTATION_COMMENTS = YES;
				CLANG_WARN_EMPTY_BODY = YES;
				CLANG_WARN_ENUM_CONVERSION = YES;
				CLANG_WARN_INFINITE_RECURSION = YES;
				CLANG_WARN_INT_CONVERSION = YES;
				CLANG_WARN_NON_LITERAL_NULL_CONVERSION = YES;
				CLANG_WARN_OBJC_IMPLICIT_RETAIN_SELF = YES;
				CLANG_WARN_OBJC_LITERAL_CONVERSION = YES;
				CLANG_WARN_OBJC_ROOT_CLASS = YES_ERROR;
				CLANG_WARN_RANGE_LOOP_ANALYSIS = YES;
				CLANG_WARN_STRICT_PROTOTYPES = YES;
				CLANG_WARN_SUSPICIOUS_MOVE = YES;
				CLANG_WARN_UNGUARDED_AVAILABILITY = YES_AGGRESSIVE;
				CLANG_WARN_UNREACHABLE_CODE = YES;
				CLANG_WARN__DUPLICATE_METHOD_MATCH = YES;
				CODE_SIGN_IDENTITY = "iPhone Developer";
				COPY_PHASE_STRIP = NO;
				DEBUG_INFORMATION_FORMAT = "dwarf-with-dsym";
				ENABLE_NS_ASSERTIONS = NO;
				ENABLE_STRICT_OBJC_MSGSEND = YES;
				GCC_C_LANGUAGE_STANDARD = gnu11;
				GCC_NO_COMMON_BLOCKS = YES;
				GCC_WARN_64_TO_32_BIT_CONVERSION = YES;
				GCC_WARN_ABOUT_RETURN_TYPE = YES_ERROR;
				GCC_WARN_UNDECLARED_SELECTOR = YES;
				GCC_WARN_UNINITIALIZED_AUTOS = YES_AGGRESSIVE;
				GCC_WARN_UNUSED_FUNCTION = YES;
				GCC_WARN_UNUSED_VARIABLE = YES;
				IPHONEOS_DEPLOYMENT_TARGET = 11.4;
				MTL_ENABLE_DEBUG_INFO = NO;
				SDKROOT = iphoneos;
				SWIFT_COMPILATION_MODE = wholemodule;
				SWIFT_OPTIMIZATION_LEVEL = "-O";
				VALIDATE_PRODUCT = YES;
			};
			name = Release;
		};
		3BBFD138215A3DF700CC1D2F /* Debug */ = {
			isa = XCBuildConfiguration;
			buildSettings = {
				ASSETCATALOG_COMPILER_APPICON_NAME = AppIcon;
				CLANG_ENABLE_MODULES = YES;
				CODE_SIGN_STYLE = Automatic;
				INFOPLIST_FILE = Femo1/Info.plist;
				LD_RUNPATH_SEARCH_PATHS = (
					"$(inherited)",
					"@executable_path/Frameworks",
				);
				PRODUCT_BUNDLE_IDENTIFIER = com.femo.Femo1;
				PRODUCT_NAME = "$(TARGET_NAME)";
				SWIFT_OBJC_BRIDGING_HEADER = "Femo1/Femo1-Bridging-Header.h";
				SWIFT_OPTIMIZATION_LEVEL = "-Onone";
				SWIFT_VERSION = 4.0;
				TARGETED_DEVICE_FAMILY = "1,2";
			};
			name = Debug;
		};
		3BBFD139215A3DF700CC1D2F /* Release */ = {
			isa = XCBuildConfiguration;
			buildSettings = {
				ASSETCATALOG_COMPILER_APPICON_NAME = AppIcon;
				CLANG_ENABLE_MODULES = YES;
				CODE_SIGN_STYLE = Automatic;
				INFOPLIST_FILE = Femo1/Info.plist;
				LD_RUNPATH_SEARCH_PATHS = (
					"$(inherited)",
					"@executable_path/Frameworks",
				);
				PRODUCT_BUNDLE_IDENTIFIER = com.femo.Femo1;
				PRODUCT_NAME = "$(TARGET_NAME)";
				SWIFT_OBJC_BRIDGING_HEADER = "Femo1/Femo1-Bridging-Header.h";
				SWIFT_VERSION = 4.0;
				TARGETED_DEVICE_FAMILY = "1,2";
			};
			name = Release;
		};
		3BBFD13B215A3DF700CC1D2F /* Debug */ = {
			isa = XCBuildConfiguration;
			buildSettings = {
				ALWAYS_EMBED_SWIFT_STANDARD_LIBRARIES = YES;
				BUNDLE_LOADER = "$(TEST_HOST)";
				CODE_SIGN_STYLE = Automatic;
				INFOPLIST_FILE = Femo1Tests/Info.plist;
				LD_RUNPATH_SEARCH_PATHS = (
					"$(inherited)",
					"@executable_path/Frameworks",
					"@loader_path/Frameworks",
				);
				PRODUCT_BUNDLE_IDENTIFIER = com.femo.Femo1Tests;
				PRODUCT_NAME = "$(TARGET_NAME)";
				SWIFT_VERSION = 4.0;
				TARGETED_DEVICE_FAMILY = "1,2";
				TEST_HOST = "$(BUILT_PRODUCTS_DIR)/Femo1.app/Femo1";
			};
			name = Debug;
		};
		3BBFD13C215A3DF700CC1D2F /* Release */ = {
			isa = XCBuildConfiguration;
			buildSettings = {
				ALWAYS_EMBED_SWIFT_STANDARD_LIBRARIES = YES;
				BUNDLE_LOADER = "$(TEST_HOST)";
				CODE_SIGN_STYLE = Automatic;
				INFOPLIST_FILE = Femo1Tests/Info.plist;
				LD_RUNPATH_SEARCH_PATHS = (
					"$(inherited)",
					"@executable_path/Frameworks",
					"@loader_path/Frameworks",
				);
				PRODUCT_BUNDLE_IDENTIFIER = com.femo.Femo1Tests;
				PRODUCT_NAME = "$(TARGET_NAME)";
				SWIFT_VERSION = 4.0;
				TARGETED_DEVICE_FAMILY = "1,2";
				TEST_HOST = "$(BUILT_PRODUCTS_DIR)/Femo1.app/Femo1";
			};
			name = Release;
		};
		3BBFD13E215A3DF700CC1D2F /* Debug */ = {
			isa = XCBuildConfiguration;
			buildSettings = {
				ALWAYS_EMBED_SWIFT_STANDARD_LIBRARIES = YES;
				CODE_SIGN_STYLE = Automatic;
				INFOPLIST_FILE = Femo1UITests/Info.plist;
				LD_RUNPATH_SEARCH_PATHS = (
					"$(inherited)",
					"@executable_path/Frameworks",
					"@loader_path/Frameworks",
				);
				PRODUCT_BUNDLE_IDENTIFIER = com.femo.Femo1UITests;
				PRODUCT_NAME = "$(TARGET_NAME)";
				SWIFT_VERSION = 4.0;
				TARGETED_DEVICE_FAMILY = "1,2";
				TEST_TARGET_NAME = Femo1;
			};
			name = Debug;
		};
		3BBFD13F215A3DF700CC1D2F /* Release */ = {
			isa = XCBuildConfiguration;
			buildSettings = {
				ALWAYS_EMBED_SWIFT_STANDARD_LIBRARIES = YES;
				CODE_SIGN_STYLE = Automatic;
				INFOPLIST_FILE = Femo1UITests/Info.plist;
				LD_RUNPATH_SEARCH_PATHS = (
					"$(inherited)",
					"@executable_path/Frameworks",
					"@loader_path/Frameworks",
				);
				PRODUCT_BUNDLE_IDENTIFIER = com.femo.Femo1UITests;
				PRODUCT_NAME = "$(TARGET_NAME)";
				SWIFT_VERSION = 4.0;
				TARGETED_DEVICE_FAMILY = "1,2";
				TEST_TARGET_NAME = Femo1;
			};
			name = Release;
		};
/* End XCBuildConfiguration section */

/* Begin XCConfigurationList section */
		3BBFD104215A3DF600CC1D2F /* Build configuration list for PBXProject "Femo1" */ = {
			isa = XCConfigurationList;
			buildConfigurations = (
				3BBFD135215A3DF700CC1D2F /* Debug */,
				3BBFD136215A3DF700CC1D2F /* Release */,
			);
			defaultConfigurationIsVisible = 0;
			defaultConfigurationName = Release;
		};
		3BBFD137215A3DF700CC1D2F /* Build configuration list for PBXNativeTarget "Femo1" */ = {
			isa = XCConfigurationList;
			buildConfigurations = (
				3BBFD138215A3DF700CC1D2F /* Debug */,
				3BBFD139215A3DF700CC1D2F /* Release */,
			);
			defaultConfigurationIsVisible = 0;
			defaultConfigurationName = Release;
		};
		3BBFD13A215A3DF700CC1D2F /* Build configuration list for PBXNativeTarget "Femo1Tests" */ = {
			isa = XCConfigurationList;
			buildConfigurations = (
				3BBFD13B215A3DF700CC1D2F /* Debug */,
				3BBFD13C215A3DF700CC1D2F /* Release */,
			);
			defaultConfigurationIsVisible = 0;
			defaultConfigurationName = Release;
		};
		3BBFD13D215A3DF700CC1D2F /* Build configuration list for PBXNativeTarget "Femo1UITests" */ = {
			isa = XCConfigurationList;
			buildConfigurations = (
				3BBFD13E215A3DF700CC1D2F /* Debug */,
				3BBFD13F215A3DF700CC1D2F /* Release */,
			);
			defaultConfigurationIsVisible = 0;
			defaultConfigurationName = Release;
		};
/* End XCConfigurationList section */
	};
	rootObject = 3BBFD101215A3DF600CC1D2F /* Project object */;
}
